version: 6
environments:
  default:
    channels:
    - url: https://prefix.dev/conda-forge/
    packages:
      osx-arm64:
      - conda: https://prefix.dev/conda-forge/noarch/asttokens-3.0.0-pyhd8ed1ab_1.conda
      - conda: https://prefix.dev/conda-forge/osx-arm64/bzip2-1.0.8-h99b78c6_7.conda
      - conda: https://prefix.dev/conda-forge/noarch/ca-certificates-2025.8.3-hbd8a1cb_0.conda
      - conda: https://prefix.dev/conda-forge/noarch/decorator-5.2.1-pyhd8ed1ab_0.conda
      - conda: https://prefix.dev/conda-forge/noarch/exceptiongroup-1.3.0-pyhd8ed1ab_0.conda
      - conda: https://prefix.dev/conda-forge/noarch/executing-2.2.0-pyhd8ed1ab_0.conda
      - conda: https://prefix.dev/conda-forge/osx-arm64/icu-75.1-hfee45f7_0.conda
      - conda: https://prefix.dev/conda-forge/noarch/ipython-9.4.0-pyhfa0c392_0.conda
      - conda: https://prefix.dev/conda-forge/noarch/ipython_pygments_lexers-1.1.1-pyhd8ed1ab_0.conda
      - conda: https://prefix.dev/conda-forge/noarch/jedi-0.19.2-pyhd8ed1ab_1.conda
      - conda: https://prefix.dev/conda-forge/osx-arm64/libblas-3.9.0-34_h10e41b3_openblas.conda
      - conda: https://prefix.dev/conda-forge/osx-arm64/libcxx-20.1.8-hf598326_1.conda
      - conda: https://prefix.dev/conda-forge/osx-arm64/libexpat-2.7.1-hec049ff_0.conda
      - conda: https://prefix.dev/conda-forge/osx-arm64/libffi-3.4.6-h1da3d7d_1.conda
      - conda: https://prefix.dev/conda-forge/osx-arm64/libgfortran-15.1.0-hfdf1602_0.conda
      - conda: https://prefix.dev/conda-forge/osx-arm64/libgfortran5-15.1.0-hb74de2c_0.conda
      - conda: https://prefix.dev/conda-forge/osx-arm64/liblzma-5.8.1-h39f12f2_2.conda
      - conda: https://prefix.dev/conda-forge/osx-arm64/libmpdec-4.0.0-h5505292_0.conda
      - conda: https://prefix.dev/conda-forge/osx-arm64/libopenblas-0.3.30-openmp_h60d53f8_1.conda
      - conda: https://prefix.dev/conda-forge/osx-arm64/libsqlite-3.50.4-h4237e3c_0.conda
      - conda: https://prefix.dev/conda-forge/osx-arm64/libxcb-1.17.0-hdb1d25a_0.conda
      - conda: https://prefix.dev/conda-forge/osx-arm64/libzlib-1.3.1-h8359307_2.conda
      - conda: https://prefix.dev/conda-forge/osx-arm64/llvm-openmp-20.1.8-hbb9b287_1.conda
      - conda: https://prefix.dev/conda-forge/noarch/matplotlib-inline-0.1.7-pyhd8ed1ab_1.conda
      - conda: https://prefix.dev/conda-forge/osx-arm64/ncurses-6.5-h5e97a16_3.conda
      - conda: https://prefix.dev/conda-forge/osx-arm64/openssl-3.5.2-he92f556_0.conda
      - conda: https://prefix.dev/conda-forge/noarch/parso-0.8.4-pyhd8ed1ab_1.conda
      - conda: https://prefix.dev/conda-forge/noarch/pexpect-4.9.0-pyhd8ed1ab_1.conda
      - conda: https://prefix.dev/conda-forge/noarch/pickleshare-0.7.5-pyhd8ed1ab_1004.conda
      - conda: https://prefix.dev/conda-forge/noarch/prompt-toolkit-3.0.51-pyha770c72_0.conda
      - conda: https://prefix.dev/conda-forge/osx-arm64/pthread-stubs-0.4-hd74edd7_1002.conda
      - conda: https://prefix.dev/conda-forge/noarch/ptyprocess-0.7.0-pyhd8ed1ab_1.conda
      - conda: https://prefix.dev/conda-forge/noarch/pure_eval-0.2.3-pyhd8ed1ab_1.conda
      - conda: https://prefix.dev/conda-forge/noarch/pygments-2.19.2-pyhd8ed1ab_0.conda
      - conda: https://prefix.dev/conda-forge/osx-arm64/readline-8.2-h1d1bf99_2.conda
      - conda: https://prefix.dev/conda-forge/noarch/stack_data-0.6.3-pyhd8ed1ab_1.conda
      - conda: https://prefix.dev/conda-forge/osx-arm64/tk-8.6.13-h892fb3f_2.conda
      - conda: https://prefix.dev/conda-forge/noarch/traitlets-5.14.3-pyhd8ed1ab_1.conda
      - conda: https://prefix.dev/conda-forge/noarch/typing_extensions-4.14.1-pyhe01879c_0.conda
      - conda: https://prefix.dev/conda-forge/noarch/wcwidth-0.2.13-pyhd8ed1ab_1.conda
      - conda: https://prefix.dev/conda-forge/osx-arm64/xorg-libx11-1.8.12-h6a5fb8c_0.conda
      - conda: https://prefix.dev/conda-forge/osx-arm64/xorg-libxau-1.0.12-h5505292_0.conda
      - conda: https://prefix.dev/conda-forge/osx-arm64/xorg-libxdmcp-1.1.5-hd74edd7_0.conda
      - conda: cpython
      - conda: numpy
      - conda: pywt
      - conda: scipy
packages:
- conda: https://prefix.dev/conda-forge/noarch/asttokens-3.0.0-pyhd8ed1ab_1.conda
  sha256: 93b14414b3b3ed91e286e1cbe4e7a60c4e1b1c730b0814d1e452a8ac4b9af593
  md5: 8f587de4bcf981e26228f268df374a9b
  depends:
  - python >=3.9
  constrains:
  - astroid >=2,<4
  license: Apache-2.0
  license_family: Apache
  size: 28206
  timestamp: 1733250564754
- conda: https://prefix.dev/conda-forge/osx-arm64/bzip2-1.0.8-h99b78c6_7.conda
  sha256: adfa71f158cbd872a36394c56c3568e6034aa55c623634b37a4836bd036e6b91
  md5: fc6948412dbbbe9a4c9ddbbcfe0a79ab
  depends:
  - __osx >=11.0
  license: bzip2-1.0.6
  license_family: BSD
  size: 122909
  timestamp: 1720974522888
- conda: https://prefix.dev/conda-forge/noarch/ca-certificates-2025.8.3-hbd8a1cb_0.conda
  sha256: 837b795a2bb39b75694ba910c13c15fa4998d4bb2a622c214a6a5174b2ae53d1
  md5: 74784ee3d225fc3dca89edb635b4e5cc
  depends:
  - __unix
  license: ISC
  size: 154402
  timestamp: 1754210968730
- conda: https://prefix.dev/conda-forge/noarch/decorator-5.2.1-pyhd8ed1ab_0.conda
  sha256: c17c6b9937c08ad63cb20a26f403a3234088e57d4455600974a0ce865cb14017
  md5: 9ce473d1d1be1cc3810856a48b3fab32
  depends:
  - python >=3.9
  license: BSD-2-Clause
  license_family: BSD
  size: 14129
  timestamp: 1740385067843
- conda: https://prefix.dev/conda-forge/noarch/exceptiongroup-1.3.0-pyhd8ed1ab_0.conda
  sha256: ce61f4f99401a4bd455b89909153b40b9c823276aefcbb06f2044618696009ca
  md5: 72e42d28960d875c7654614f8b50939a
  depends:
  - python >=3.9
  - typing_extensions >=4.6.0
  license: MIT and PSF-2.0
  size: 21284
  timestamp: 1746947398083
- conda: https://prefix.dev/conda-forge/noarch/executing-2.2.0-pyhd8ed1ab_0.conda
  sha256: 7510dd93b9848c6257c43fdf9ad22adf62e7aa6da5f12a6a757aed83bcfedf05
  md5: 81d30c08f9a3e556e8ca9e124b044d14
  depends:
  - python >=3.9
  license: MIT
  license_family: MIT
  size: 29652
  timestamp: 1745502200340
- conda: https://prefix.dev/conda-forge/osx-arm64/icu-75.1-hfee45f7_0.conda
  sha256: 9ba12c93406f3df5ab0a43db8a4b4ef67a5871dfd401010fbe29b218b2cbe620
  md5: 5eb22c1d7b3fc4abb50d92d621583137
  depends:
  - __osx >=11.0
  license: MIT
  license_family: MIT
  size: 11857802
  timestamp: 1720853997952
- conda: https://prefix.dev/conda-forge/noarch/ipython-9.4.0-pyhfa0c392_0.conda
  sha256: ff5138bf6071ca01d84e1329f6baa96f0723df6fe183cfa1ab3ebc96240e6d8f
  md5: cb7706b10f35e7507917cefa0978a66d
  depends:
  - __unix
  - pexpect >4.3
  - decorator
  - exceptiongroup
  - ipython_pygments_lexers
  - jedi >=0.16
  - matplotlib-inline
  - pickleshare
  - prompt-toolkit >=3.0.41,<3.1.0
  - pygments >=2.4.0
  - python >=3.11
  - stack_data
  - traitlets >=5.13.0
  - typing_extensions >=4.6
  - python
  license: BSD-3-Clause
  license_family: BSD
  size: 628259
  timestamp: 1751465044469
- conda: https://prefix.dev/conda-forge/noarch/ipython_pygments_lexers-1.1.1-pyhd8ed1ab_0.conda
  sha256: 894682a42a7d659ae12878dbcb274516a7031bbea9104e92f8e88c1f2765a104
  md5: bd80ba060603cc228d9d81c257093119
  depends:
  - pygments
  - python >=3.9
  license: BSD-3-Clause
  license_family: BSD
  size: 13993
  timestamp: 1737123723464
- conda: https://prefix.dev/conda-forge/noarch/jedi-0.19.2-pyhd8ed1ab_1.conda
  sha256: 92c4d217e2dc68983f724aa983cca5464dcb929c566627b26a2511159667dba8
  md5: a4f4c5dc9b80bc50e0d3dc4e6e8f1bd9
  depends:
  - parso >=0.8.3,<0.9.0
  - python >=3.9
  license: Apache-2.0 AND MIT
  size: 843646
  timestamp: 1733300981994
- conda: https://prefix.dev/conda-forge/osx-arm64/libblas-3.9.0-34_h10e41b3_openblas.conda
  build_number: 34
  sha256: 5de3c3bfcdc8ba05da1a7815c9953fe392c2065d9efdc2491f91df6d0d1d9e76
  md5: cdb3e1ca1661dbf19f9aad7dad524996
  depends:
  - libopenblas >=0.3.30,<0.3.31.0a0
  - libopenblas >=0.3.30,<1.0a0
  constrains:
  - blas 2.134   openblas
  - mkl <2025
  - liblapacke 3.9.0   34*_openblas
  - libcblas   3.9.0   34*_openblas
  - liblapack  3.9.0   34*_openblas
  license: BSD-3-Clause
  license_family: BSD
  size: 19533
  timestamp: 1754678956963
- conda: https://prefix.dev/conda-forge/osx-arm64/libcxx-20.1.8-hf598326_1.conda
  sha256: 119b3ac75cb1ea29981e5053c2cb10d5f0b06fcc81b486cb7281f160daf673a1
  md5: a69ef3239d3268ef8602c7a7823fd982
  depends:
  - __osx >=11.0
  license: Apache-2.0 WITH LLVM-exception
  license_family: Apache
  size: 568267
  timestamp: 1752814881595
- conda: https://prefix.dev/conda-forge/osx-arm64/libexpat-2.7.1-hec049ff_0.conda
  sha256: 8fbb17a56f51e7113ed511c5787e0dec0d4b10ef9df921c4fd1cccca0458f648
  md5: b1ca5f21335782f71a8bd69bdc093f67
  depends:
  - __osx >=11.0
  constrains:
  - expat 2.7.1.*
  license: MIT
  license_family: MIT
  size: 65971
  timestamp: 1752719657566
- conda: https://prefix.dev/conda-forge/osx-arm64/libffi-3.4.6-h1da3d7d_1.conda
  sha256: c6a530924a9b14e193ea9adfe92843de2a806d1b7dbfd341546ece9653129e60
  md5: c215a60c2935b517dcda8cad4705734d
  depends:
  - __osx >=11.0
  license: MIT
  license_family: MIT
  size: 39839
  timestamp: 1743434670405
- conda: https://prefix.dev/conda-forge/osx-arm64/libgfortran-15.1.0-hfdf1602_0.conda
  sha256: 9620b4ac9d32fe7eade02081cd60d6a359a927d42bb8e121bd16489acd3c4d8c
  md5: e3b7dca2c631782ca1317a994dfe19ec
  depends:
  - libgfortran5 15.1.0 hb74de2c_0
  license: GPL-3.0-only WITH GCC-exception-3.1
  license_family: GPL
  size: 133859
  timestamp: 1750183546047
- conda: https://prefix.dev/conda-forge/osx-arm64/libgfortran5-15.1.0-hb74de2c_0.conda
  sha256: 44b8ce4536cc9a0e59c09ff404ef1b0120d6a91afc32799331d85268cbe42438
  md5: 8b158ccccd67a40218e12626a39065a1
  depends:
  - llvm-openmp >=8.0.0
  constrains:
  - libgfortran 15.1.0
  license: GPL-3.0-only WITH GCC-exception-3.1
  license_family: GPL
  size: 758352
  timestamp: 1750182604206
- conda: https://prefix.dev/conda-forge/osx-arm64/liblzma-5.8.1-h39f12f2_2.conda
  sha256: 0cb92a9e026e7bd4842f410a5c5c665c89b2eb97794ffddba519a626b8ce7285
  md5: d6df911d4564d77c4374b02552cb17d1
  depends:
  - __osx >=11.0
  constrains:
  - xz 5.8.1.*
  license: 0BSD
  size: 92286
  timestamp: 1749230283517
- conda: https://prefix.dev/conda-forge/osx-arm64/libmpdec-4.0.0-h5505292_0.conda
  sha256: 0a1875fc1642324ebd6c4ac864604f3f18f57fbcf558a8264f6ced028a3c75b2
  md5: 85ccccb47823dd9f7a99d2c7f530342f
  depends:
  - __osx >=11.0
  license: BSD-2-Clause
  license_family: BSD
  size: 71829
  timestamp: 1748393749336
- conda: https://prefix.dev/conda-forge/osx-arm64/libopenblas-0.3.30-openmp_h60d53f8_1.conda
  sha256: dfa2e506dcbd2b8e5656333021dbd422d2c1655dcfecbd7a50cac9d223c802b4
  md5: 165b15df4e15aba3a2b63897d6e4c539
  depends:
  - __osx >=11.0
  - libgfortran
  - libgfortran5 >=14.3.0
  - llvm-openmp >=19.1.7
  constrains:
  - openblas >=0.3.30,<0.3.31.0a0
  license: BSD-3-Clause
  license_family: BSD
  size: 4282228
  timestamp: 1753404509306
- conda: https://prefix.dev/conda-forge/osx-arm64/libsqlite-3.50.4-h4237e3c_0.conda
  sha256: 802ebe62e6bc59fc26b26276b793e0542cfff2d03c086440aeaf72fb8bbcec44
  md5: 1dcb0468f5146e38fae99aef9656034b
  depends:
  - __osx >=11.0
  - icu >=75.1,<76.0a0
  - libzlib >=1.3.1,<2.0a0
  license: blessing
  size: 902645
  timestamp: 1753948599139
- conda: https://prefix.dev/conda-forge/osx-arm64/libxcb-1.17.0-hdb1d25a_0.conda
  sha256: bd3816218924b1e43b275863e21a3e13a5db4a6da74cca8e60bc3c213eb62f71
  md5: af523aae2eca6dfa1c8eec693f5b9a79
  depends:
  - __osx >=11.0
  - pthread-stubs
  - xorg-libxau >=1.0.11,<2.0a0
  - xorg-libxdmcp
  license: MIT
  license_family: MIT
  size: 323658
  timestamp: 1727278733917
- conda: https://prefix.dev/conda-forge/osx-arm64/libzlib-1.3.1-h8359307_2.conda
  sha256: ce34669eadaba351cd54910743e6a2261b67009624dbc7daeeafdef93616711b
  md5: 369964e85dc26bfe78f41399b366c435
  depends:
  - __osx >=11.0
  constrains:
  - zlib 1.3.1 *_2
  license: Zlib
  license_family: Other
  size: 46438
  timestamp: 1727963202283
- conda: https://prefix.dev/conda-forge/osx-arm64/llvm-openmp-20.1.8-hbb9b287_1.conda
  sha256: e56f46b253dd1a99cc01dde038daba7789fc6ed35b2a93e3fc44b8578a82b3ec
  md5: a10bdc3e5d9e4c1ce554c83855dff6c4
  depends:
  - __osx >=11.0
  constrains:
  - openmp 20.1.8|20.1.8.*
  - intel-openmp <0.0a0
  license: Apache-2.0 WITH LLVM-exception
  license_family: APACHE
  size: 283300
  timestamp: 1753978829840
- conda: https://prefix.dev/conda-forge/noarch/matplotlib-inline-0.1.7-pyhd8ed1ab_1.conda
  sha256: 69b7dc7131703d3d60da9b0faa6dd8acbf6f6c396224cf6aef3e855b8c0c41c6
  md5: af6ab708897df59bd6e7283ceab1b56b
  depends:
  - python >=3.9
  - traitlets
  license: BSD-3-Clause
  license_family: BSD
  size: 14467
  timestamp: 1733417051523
- conda: https://prefix.dev/conda-forge/osx-arm64/ncurses-6.5-h5e97a16_3.conda
  sha256: 2827ada40e8d9ca69a153a45f7fd14f32b2ead7045d3bbb5d10964898fe65733
  md5: 068d497125e4bf8a66bf707254fff5ae
  depends:
  - __osx >=11.0
  license: X11 AND BSD-3-Clause
  size: 797030
  timestamp: 1738196177597
- conda: numpy
  name: numpy
  version: 2.3.1
  build: hbf21a9e_0
  subdir: osx-arm64
  depends:
  - python
  - libcxx >=20
  input:
    hash: e721ab1768f8dffc089d356375229bb5228f03e3a15153675452078d2014b2b3
    globs: []
- conda: https://prefix.dev/conda-forge/osx-arm64/openssl-3.5.2-he92f556_0.conda
  sha256: f6d1c87dbcf7b39fad24347570166dade1c533ae2d53c60a70fa4dc874ef0056
  md5: bcb0d87dfbc199d0a461d2c7ca30b3d8
  depends:
  - __osx >=11.0
  - ca-certificates
  license: Apache-2.0
  license_family: Apache
  size: 3074848
  timestamp: 1754465710470
- conda: https://prefix.dev/conda-forge/noarch/parso-0.8.4-pyhd8ed1ab_1.conda
  sha256: 17131120c10401a99205fc6fe436e7903c0fa092f1b3e80452927ab377239bcc
  md5: 5c092057b6badd30f75b06244ecd01c9
  depends:
  - python >=3.9
  license: MIT
  license_family: MIT
  size: 75295
  timestamp: 1733271352153
- conda: https://prefix.dev/conda-forge/noarch/pexpect-4.9.0-pyhd8ed1ab_1.conda
  sha256: 202af1de83b585d36445dc1fda94266697341994d1a3328fabde4989e1b3d07a
  md5: d0d408b1f18883a944376da5cf8101ea
  depends:
  - ptyprocess >=0.5
  - python >=3.9
  license: ISC
  size: 53561
  timestamp: 1733302019362
- conda: https://prefix.dev/conda-forge/noarch/pickleshare-0.7.5-pyhd8ed1ab_1004.conda
  sha256: e2ac3d66c367dada209fc6da43e645672364b9fd5f9d28b9f016e24b81af475b
  md5: 11a9d1d09a3615fc07c3faf79bc0b943
  depends:
  - python >=3.9
  license: MIT
  license_family: MIT
  size: 11748
  timestamp: 1733327448200
- conda: https://prefix.dev/conda-forge/noarch/prompt-toolkit-3.0.51-pyha770c72_0.conda
  sha256: ebc1bb62ac612af6d40667da266ff723662394c0ca78935340a5b5c14831227b
  md5: d17ae9db4dc594267181bd199bf9a551
  depends:
  - python >=3.9
  - wcwidth
  constrains:
  - prompt_toolkit 3.0.51
  license: BSD-3-Clause
  license_family: BSD
  size: 271841
  timestamp: 1744724188108
- conda: https://prefix.dev/conda-forge/osx-arm64/pthread-stubs-0.4-hd74edd7_1002.conda
  sha256: 8ed65e17fbb0ca944bfb8093b60086e3f9dd678c3448b5de212017394c247ee3
  md5: 415816daf82e0b23a736a069a75e9da7
  depends:
  - __osx >=11.0
  license: MIT
  license_family: MIT
  size: 8381
  timestamp: 1726802424786
- conda: https://prefix.dev/conda-forge/noarch/ptyprocess-0.7.0-pyhd8ed1ab_1.conda
  sha256: a7713dfe30faf17508ec359e0bc7e0983f5d94682492469bd462cdaae9c64d83
  md5: 7d9daffbb8d8e0af0f769dbbcd173a54
  depends:
  - python >=3.9
  license: ISC
  size: 19457
  timestamp: 1733302371990
- conda: https://prefix.dev/conda-forge/noarch/pure_eval-0.2.3-pyhd8ed1ab_1.conda
  sha256: 71bd24600d14bb171a6321d523486f6a06f855e75e547fa0cb2a0953b02047f0
  md5: 3bfdfb8dbcdc4af1ae3f9a8eb3948f04
  depends:
  - python >=3.9
  license: MIT
  license_family: MIT
  size: 16668
  timestamp: 1733569518868
- conda: https://prefix.dev/conda-forge/noarch/pygments-2.19.2-pyhd8ed1ab_0.conda
  sha256: 5577623b9f6685ece2697c6eb7511b4c9ac5fb607c9babc2646c811b428fd46a
  md5: 6b6ece66ebcae2d5f326c77ef2c5a066
  depends:
  - python >=3.9
  license: BSD-2-Clause
  license_family: BSD
  size: 889287
  timestamp: 1750615908735
- conda: cpython
  name: python
  version: 3.13.6
  build: h60d57d3_0
  subdir: osx-arm64
  depends:
  - libcxx >=20
  - libmpdec >=4.0.0,<5.0a0
  - bzip2 >=1.0.8,<2.0a0
  - libsqlite >=3.50.4,<4.0a0
  - liblzma >=5.8.1,<6.0a0
  - libzlib >=1.3.1,<2.0a0
  - openssl >=3.5.2,<4.0a0
  - readline >=8.2,<9.0a0
  - tk >=8.6.13,<8.7.0a0
  - xorg-libx11 >=1.8.12,<2.0a0
  - ncurses >=6.5,<7.0a0
  - libffi >=3.4.6,<3.5.0a0
  - libexpat >=2.7.1,<3.0a0
  license: Python-2.0
  input:
    hash: 92e797b6fc02792e8c9c9959cac798f97b62e2d1938c062ded3ac69b4d159653
    globs:
    - recipe/variants.yaml
- conda: pywt
  name: pywavelets
  version: 1.9.0
  build: hbf21a9e_0
  subdir: osx-arm64
  depends:
  - numpy
  - python
  input:
    hash: bb1b2fd9abec7b664822ccc3033735f952d8790235e3e902b1f08d070af41cb9
    globs: []
  sources:
    numpy:
      path: ../numpy
- conda: https://prefix.dev/conda-forge/osx-arm64/readline-8.2-h1d1bf99_2.conda
  sha256: 7db04684d3904f6151eff8673270922d31da1eea7fa73254d01c437f49702e34
  md5: 63ef3f6e6d6d5c589e64f11263dc5676
  depends:
  - ncurses >=6.5,<7.0a0
  license: GPL-3.0-only
  license_family: GPL
  size: 252359
  timestamp: 1740379663071
- conda: scipy
  name: scipy
  version: 1.16.0
  build: hbf21a9e_0
  subdir: osx-arm64
  depends:
  - numpy
  - python
  - libcxx >=19
  - libblas >=3.9.0,<4.0a0
  input:
    hash: aeeb8d60b3df72592de8585a722bff1e04e1948290eb454f2dbcf459f8f4c24d
    globs: []
  sources:
    numpy:
      path: ../numpy
- conda: https://prefix.dev/conda-forge/noarch/stack_data-0.6.3-pyhd8ed1ab_1.conda
  sha256: 570da295d421661af487f1595045760526964f41471021056e993e73089e9c41
  md5: b1b505328da7a6b246787df4b5a49fbc
  depends:
  - asttokens
  - executing
  - pure_eval
  - python >=3.9
  license: MIT
  license_family: MIT
  size: 26988
  timestamp: 1733569565672
- conda: https://prefix.dev/conda-forge/osx-arm64/tk-8.6.13-h892fb3f_2.conda
  sha256: cb86c522576fa95c6db4c878849af0bccfd3264daf0cc40dd18e7f4a7bfced0e
  md5: 7362396c170252e7b7b0c8fb37fe9c78
  depends:
  - __osx >=11.0
  - libzlib >=1.3.1,<2.0a0
  license: TCL
  license_family: BSD
  size: 3125538
  timestamp: 1748388189063
- conda: https://prefix.dev/conda-forge/noarch/traitlets-5.14.3-pyhd8ed1ab_1.conda
  sha256: f39a5620c6e8e9e98357507262a7869de2ae8cc07da8b7f84e517c9fd6c2b959
  md5: 019a7385be9af33791c989871317e1ed
  depends:
  - python >=3.9
  license: BSD-3-Clause
  license_family: BSD
  size: 110051
  timestamp: 1733367480074
- conda: https://prefix.dev/conda-forge/noarch/typing_extensions-4.14.1-pyhe01879c_0.conda
  sha256: 4f52390e331ea8b9019b87effaebc4f80c6466d09f68453f52d5cdc2a3e1194f
  md5: e523f4f1e980ed7a4240d7e27e9ec81f
  depends:
  - python >=3.9
  - python
  license: PSF-2.0
  license_family: PSF
  size: 51065
  timestamp: 1751643513473
- conda: https://prefix.dev/conda-forge/noarch/wcwidth-0.2.13-pyhd8ed1ab_1.conda
  sha256: f21e63e8f7346f9074fd00ca3b079bd3d2fa4d71f1f89d5b6934bf31446dc2a5
  md5: b68980f2495d096e71c7fd9d7ccf63e6
  depends:
  - python >=3.9
  license: MIT
  license_family: MIT
  size: 32581
  timestamp: 1733231433877
- conda: https://prefix.dev/conda-forge/osx-arm64/xorg-libx11-1.8.12-h6a5fb8c_0.conda
  sha256: 3ba39f182ecb6bf0bfb2dbbc08b1fc80a0a97e5c07cad06a03e71baf1fe7ac9d
  md5: 89b59aaa3c35257dba0b7c2d980f35f0
  depends:
  - __osx >=11.0
  - libxcb >=1.17.0,<2.0a0
  license: MIT
  license_family: MIT
  size: 761938
  timestamp: 1741901455497
- conda: https://prefix.dev/conda-forge/osx-arm64/xorg-libxau-1.0.12-h5505292_0.conda
  sha256: f33e6f013fc36ebc200f09ddead83468544cb5c353a3b50499b07b8c34e28a8d
  md5: 50901e0764b7701d8ed7343496f4f301
  depends:
  - __osx >=11.0
  license: MIT
  license_family: MIT
  size: 13593
  timestamp: 1734229104321
- conda: https://prefix.dev/conda-forge/osx-arm64/xorg-libxdmcp-1.1.5-hd74edd7_0.conda
  sha256: 9939a166d780700d81023546759102b33fdc2c5f11ef09f5f66c77210fd334c8
  md5: 77c447f48cab5d3a15ac224edb86a968
  depends:
  - __osx >=11.0
  license: MIT
  license_family: MIT
  size: 18487
  timestamp: 1727795205022
