version: 6
environments:
  default:
    channels:
    - url: https://prefix.dev/conda-forge/
    packages:
      linux-64:
      - conda: https://prefix.dev/conda-forge/linux-64/gh-2.79.0-h76a2195_0.conda
      osx-arm64:
      - conda: https://prefix.dev/conda-forge/osx-arm64/gh-2.79.0-h4e0460a_0.conda
      win-64:
      - conda: https://prefix.dev/conda-forge/win-64/gh-2.79.0-h36e2d1d_0.conda
      - conda: https://prefix.dev/conda-forge/win-64/ucrt-10.0.26100.0-h57928b3_0.conda
      - conda: https://prefix.dev/conda-forge/win-64/vc-14.3-h41ae7f8_31.conda
      - conda: https://prefix.dev/conda-forge/win-64/vc14_runtime-14.44.35208-h818238b_31.conda
      - conda: https://prefix.dev/conda-forge/win-64/vcomp14-14.44.35208-h818238b_31.conda
packages:
- conda: https://prefix.dev/conda-forge/linux-64/gh-2.79.0-h76a2195_0.conda
  sha256: 1538e838d01ce9f0fa59d48c38da9a9b7e2e81874f2eca787226fa2832f097fb
  md5: 50d5937a4cb0a8d6069a5c5a582cead7
  depends:
  - __glibc >=2.17,<3.0.a0
  license: Apache-2.0
  license_family: APACHE
  size: 29783390
  timestamp: 1757448972192
- conda: https://prefix.dev/conda-forge/osx-arm64/gh-2.79.0-h4e0460a_0.conda
  sha256: 843b74ac7151883ed92b7ed7fb9a09974b657174c791cb60278dc04d925fdd39
  md5: 2a64d507d6e69619abf2ceecff0531ae
  depends:
  - __osx >=11.0
  license: Apache-2.0
  license_family: APACHE
  size: 28560952
  timestamp: 1757449619970
- conda: https://prefix.dev/conda-forge/win-64/gh-2.79.0-h36e2d1d_0.conda
  sha256: 7b9bbdc7b0c7e88cd2154b60b1336cd3fccc0d04d3fd3a9a6541393da21b173c
  md5: 210831f95301cdecfd8dbae8c2982024
  depends:
  - ucrt >=10.0.20348.0
  - vc >=14.3,<15
  - vc14_runtime >=14.44.35208
  license: Apache-2.0
  license_family: APACHE
  size: 28961169
  timestamp: 1757449405981
- conda: https://prefix.dev/conda-forge/win-64/ucrt-10.0.26100.0-h57928b3_0.conda
  sha256: 3005729dce6f3d3f5ec91dfc49fc75a0095f9cd23bab49efb899657297ac91a5
  md5: 71b24316859acd00bdb8b38f5e2ce328
  constrains:
  - vc14_runtime >=14.29.30037
  - vs2015_runtime >=14.29.30037
  license: LicenseRef-MicrosoftWindowsSDK10
  size: 694692
  timestamp: 1756385147981
- conda: https://prefix.dev/conda-forge/win-64/vc-14.3-h41ae7f8_31.conda
  sha256: cb357591d069a1e6cb74199a8a43a7e3611f72a6caed9faa49dbb3d7a0a98e0b
  md5: 28f4ca1e0337d0f27afb8602663c5723
  depends:
  - vc14_runtime >=14.44.35208
  track_features:
  - vc14
  license: BSD-3-Clause
  license_family: BSD
  size: 18249
  timestamp: 1753739241465
- conda: https://prefix.dev/conda-forge/win-64/vc14_runtime-14.44.35208-h818238b_31.conda
  sha256: af4b4b354b87a9a8d05b8064ff1ea0b47083274f7c30b4eb96bc2312c9b5f08f
  md5: 603e41da40a765fd47995faa021da946
  depends:
  - ucrt >=10.0.20348.0
  - vcomp14 14.44.35208 h818238b_31
  constrains:
  - vs2015_runtime 14.44.35208.* *_31
  license: LicenseRef-MicrosoftVisualCpp2015-2022Runtime
  license_family: Proprietary
  size: 682424
  timestamp: 1753739239305
- conda: https://prefix.dev/conda-forge/win-64/vcomp14-14.44.35208-h818238b_31.conda
  sha256: 67b317b64f47635415776718d25170a9a6f9a1218c0f5a6202bfd687e07b6ea4
  md5: a6b1d5c1fc3cb89f88f7179ee6a9afe3
  depends:
  - ucrt >=10.0.20348.0
  constrains:
  - vs2015_runtime 14.44.35208.* *_31
  license: LicenseRef-MicrosoftVisualCpp2015-2022Runtime
  license_family: Proprietary
  size: 113963
  timestamp: 1753739198723
